{
  "name": "builderment-seeds",
  "version": "1.5.2",
  "lockfileVersion": 3,
  "requires": true,
  "packages": {
    "": {
      "name": "builderment-seeds",
      "version": "1.5.2",
      "license": "ISC",
      "dependencies": {
        "builderment-classes": "git+https://github.com/Space-yg/builderment-classes.git"
      }
    },
    "node_modules/builderment-classes": {
      "version": "1.0.0",
      "resolved": "git+ssh://git@github.com/Space-yg/builderment-classes.git#e9bcdc1846b01a9baa7e8f94062ae6df38d3e22a",
      "license": "MIT"
    }
  }
}
